// !$*UTF8*$!
{
	archiveVersion = 1;
	classes = {
	};
	objectVersion = 46;
	objects = {

/* Begin PBXBuildFile section */
		13154C2C1D59CF0500B94CE8 /* main.m in Sources */ = {isa = PBXBuildFile; fileRef = 13154C2B1D59CF0500B94CE8 /* main.m */; };
		13154C2F1D59CF0500B94CE8 /* AppDelegate.m in Sources */ = {isa = PBXBuildFile; fileRef = 13154C2E1D59CF0500B94CE8 /* AppDelegate.m */; };
		13154C321D59CF0500B94CE8 /* ViewController.m in Sources */ = {isa = PBXBuildFile; fileRef = 13154C311D59CF0500B94CE8 /* ViewController.m */; };
		13154C351D59CF0500B94CE8 /* Main.storyboard in Resources */ = {isa = PBXBuildFile; fileRef = 13154C331D59CF0500B94CE8 /* Main.storyboard */; };
		13154C371D59CF0500B94CE8 /* Assets.xcassets in Resources */ = {isa = PBXBuildFile; fileRef = 13154C361D59CF0500B94CE8 /* Assets.xcassets */; };
		13154C3A1D59CF0500B94CE8 /* LaunchScreen.storyboard in Resources */ = {isa = PBXBuildFile; fileRef = 13154C381D59CF0500B94CE8 /* LaunchScreen.storyboard */; };
		13154C431D5B05F400B94CE8 /* SecViewController.m in Sources */ = {isa = PBXBuildFile; fileRef = 13154C421D5B05F300B94CE8 /* SecViewController.m */; };
		1323DB631D5B25DE00DF125C /* ShowBuColor.m in Sources */ = {isa = PBXBuildFile; fileRef = 1323DB621D5B25DE00DF125C /* ShowBuColor.m */; };
		18B6B2601D9A54FD0048D293 /* ChangeBuTitleTool.m in Sources */ = {isa = PBXBuildFile; fileRef = 18B6B25F1D9A54FD0048D293 /* ChangeBuTitleTool.m */; };
/* End PBXBuildFile section */

/* Begin PBXFileReference section */
		13154C271D59CF0500B94CE8 /* block.app */ = {isa = PBXFileReference; explicitFileType = wrapper.application; includeInIndex = 0; path = block.app; sourceTree = BUILT_PRODUCTS_DIR; };
		13154C2B1D59CF0500B94CE8 /* main.m */ = {isa = PBXFileReference; lastKnownFileType = sourcecode.c.objc; path = main.m; sourceTree = "<group>"; };
		13154C2D1D59CF0500B94CE8 /* AppDelegate.h */ = {isa = PBXFileReference; lastKnownFileType = sourcecode.c.h; path = AppDelegate.h; sourceTree = "<group>"; };
		13154C2E1D59CF0500B94CE8 /* AppDelegate.m */ = {isa = PBXFileReference; lastKnownFileType = sourcecode.c.objc; path = AppDelegate.m; sourceTree = "<group>"; };
		13154C301D59CF0500B94CE8 /* ViewController.h */ = {isa = PBXFileReference; lastKnownFileType = sourcecode.c.h; path = ViewController.h; sourceTree = "<group>"; };
		13154C311D59CF0500B94CE8 /* ViewController.m */ = {isa = PBXFileReference; lastKnownFileType = sourcecode.c.objc; path = ViewController.m; sourceTree = "<group>"; };
		13154C341D59CF0500B94CE8 /* Base */ = {isa = PBXFileReference; lastKnownFileType = file.storyboard; name = Base; path = Base.lproj/Main.storyboard; sourceTree = "<group>"; };
		13154C361D59CF0500B94CE8 /* Assets.xcassets */ = {isa = PBXFileReference; lastKnownFileType = folder.assetcatalog; path = Assets.xcassets; sourceTree = "<group>"; };
		13154C391D59CF0500B94CE8 /* Base */ = {isa = PBXFileReference; lastKnownFileType = file.storyboard; name = Base; path = Base.lproj/LaunchScreen.storyboard; sourceTree = "<group>"; };
		13154C3B1D59CF0500B94CE8 /* Info.plist */ = {isa = PBXFileReference; lastKnownFileType = text.plist.xml; path = Info.plist; sourceTree = "<group>"; };
		13154C411D5B05F300B94CE8 /* SecViewController.h */ = {isa = PBXFileReference; fileEncoding = 4; lastKnownFileType = sourcecode.c.h; path = SecViewController.h; sourceTree = "<group>"; };
		13154C421D5B05F300B94CE8 /* SecViewController.m */ = {isa = PBXFileReference; fileEncoding = 4; lastKnownFileType = sourcecode.c.objc; path = SecViewController.m; sourceTree = "<group>"; };
		1323DB611D5B25DE00DF125C /* ShowBuColor.h */ = {isa = PBXFileReference; fileEncoding = 4; lastKnownFileType = sourcecode.c.h; path = ShowBuColor.h; sourceTree = "<group>"; };
		1323DB621D5B25DE00DF125C /* ShowBuColor.m */ = {isa = PBXFileReference; fileEncoding = 4; lastKnownFileType = sourcecode.c.objc; path = ShowBuColor.m; sourceTree = "<group>"; };
		18B6B25E1D9A54FD0048D293 /* ChangeBuTitleTool.h */ = {isa = PBXFileReference; fileEncoding = 4; lastKnownFileType = sourcecode.c.h; path = ChangeBuTitleTool.h; sourceTree = "<group>"; };
		18B6B25F1D9A54FD0048D293 /* ChangeBuTitleTool.m */ = {isa = PBXFileReference; fileEncoding = 4; lastKnownFileType = sourcecode.c.objc; path = ChangeBuTitleTool.m; sourceTree = "<group>"; };
/* End PBXFileReference section */

/* Begin PBXFrameworksBuildPhase section */
		13154C241D59CF0500B94CE8 /* Frameworks */ = {
			isa = PBXFrameworksBuildPhase;
			buildActionMask = 2147483647;
			files = (
			);
			runOnlyForDeploymentPostprocessing = 0;
		};
/* End PBXFrameworksBuildPhase section */

/* Begin PBXGroup section */
		13154C1E1D59CF0500B94CE8 = {
			isa = PBXGroup;
			children = (
				13154C291D59CF0500B94CE8 /* block */,
				13154C281D59CF0500B94CE8 /* Products */,
			);
			sourceTree = "<group>";
		};
		13154C281D59CF0500B94CE8 /* Products */ = {
			isa = PBXGroup;
			children = (
				13154C271D59CF0500B94CE8 /* block.app */,
			);
			name = Products;
			sourceTree = "<group>";
		};
		13154C291D59CF0500B94CE8 /* block */ = {
			isa = PBXGroup;
			children = (
				13154C2D1D59CF0500B94CE8 /* AppDelegate.h */,
				13154C2E1D59CF0500B94CE8 /* AppDelegate.m */,
				13154C301D59CF0500B94CE8 /* ViewController.h */,
				13154C311D59CF0500B94CE8 /* ViewController.m */,
				13154C411D5B05F300B94CE8 /* SecViewController.h */,
				13154C421D5B05F300B94CE8 /* SecViewController.m */,
				1323DB611D5B25DE00DF125C /* ShowBuColor.h */,
				1323DB621D5B25DE00DF125C /* ShowBuColor.m */,
				18B6B25E1D9A54FD0048D293 /* ChangeBuTitleTool.h */,
				18B6B25F1D9A54FD0048D293 /* ChangeBuTitleTool.m */,
				13154C331D59CF0500B94CE8 /* Main.storyboard */,
				13154C361D59CF0500B94CE8 /* Assets.xcassets */,
				13154C381D59CF0500B94CE8 /* LaunchScreen.storyboard */,
				13154C3B1D59CF0500B94CE8 /* Info.plist */,
				13154C2A1D59CF0500B94CE8 /* Supporting Files */,
			);
			path = block;
			sourceTree = "<group>";
		};
		13154C2A1D59CF0500B94CE8 /* Supporting Files */ = {
			isa = PBXGroup;
			children = (
				13154C2B1D59CF0500B94CE8 /* main.m */,
			);
			name = "Supporting Files";
			sourceTree = "<group>";
		};
/* End PBXGroup section */

/* Begin PBXNativeTarget section */
		13154C261D59CF0500B94CE8 /* block */ = {
			isa = PBXNativeTarget;
			buildConfigurationList = 13154C3E1D59CF0500B94CE8 /* Build configuration list for PBXNativeTarget "block" */;
			buildPhases = (
				13154C231D59CF0500B94CE8 /* Sources */,
				13154C241D59CF0500B94CE8 /* Frameworks */,
				13154C251D59CF0500B94CE8 /* Resources */,
			);
			buildRules = (
			);
			dependencies = (
			);
			name = block;
			productName = block;
			productReference = 13154C271D59CF0500B94CE8 /* block.app */;
			productType = "com.apple.product-type.application";
		};
/* End PBXNativeTarget section */

/* Begin PBXProject section */
		13154C1F1D59CF0500B94CE8 /* Project object */ = {
			isa = PBXProject;
			attributes = {
				LastUpgradeCheck = 0730;
				ORGANIZATIONNAME = "蔡源泽";
				TargetAttributes = {
					13154C261D59CF0500B94CE8 = {
						CreatedOnToolsVersion = 7.3.1;
					};
				};
			};
			buildConfigurationList = 13154C221D59CF0500B94CE8 /* Build configuration list for PBXProject "block" */;
			compatibilityVersion = "Xcode 3.2";
			developmentRegion = English;
			hasScannedForEncodings = 0;
			knownRegions = (
				en,
				Base,
			);
			mainGroup = 13154C1E1D59CF0500B94CE8;
			productRefGroup = 13154C281D59CF0500B94CE8 /* Products */;
			projectDirPath = "";
			projectRoot = "";
			targets = (
				13154C261D59CF0500B94CE8 /* block */,
			);
		};
/* End PBXProject section */

/* Begin PBXResourcesBuildPhase section */
		13154C251D59CF0500B94CE8 /* Resources */ = {
			isa = PBXResourcesBuildPhase;
			buildActionMask = 2147483647;
			files = (
				13154C3A1D59CF0500B94CE8 /* LaunchScreen.storyboard in Resources */,
				13154C371D59CF0500B94CE8 /* Assets.xcassets in Resources */,
				13154C351D59CF0500B94CE8 /* Main.storyboard in Resources */,
			);
			runOnlyForDeploymentPostprocessing = 0;
		};
/* End PBXResourcesBuildPhase section */

/* Begin PBXSourcesBuildPhase section */
		13154C231D59CF0500B94CE8 /* Sources */ = {
			isa = PBXSourcesBuildPhase;
			buildActionMask = 2147483647;
			files = (
				1323DB631D5B25DE00DF125C /* ShowBuColor.m in Sources */,
				13154C431D5B05F400B94CE8 /* SecViewController.m in Sources */,
				13154C321D59CF0500B94CE8 /* ViewController.m in Sources */,
				13154C2F1D59CF0500B94CE8 /* AppDelegate.m in Sources */,
				13154C2C1D59CF0500B94CE8 /* main.m in Sources */,
				18B6B2601D9A54FD0048D293 /* ChangeBuTitleTool.m in Sources */,
			);
			runOnlyForDeploymentPostprocessing = 0;
		};
/* End PBXSourcesBuildPhase section */

/* Begin PBXVariantGroup section */
		13154C331D59CF0500B94CE8 /* Main.storyboard */ = {
			isa = PBXVariantGroup;
			children = (
				13154C341D59CF0500B94CE8 /* Base */,
			);
			name = Main.storyboard;
			sourceTree = "<group>";
		};
		13154C381D59CF0500B94CE8 /* LaunchScreen.storyboard */ = {
			isa = PBXVariantGroup;
			children = (
				13154C391D59CF0500B94CE8 /* Base */,
			);
			name = LaunchScreen.storyboard;
			sourceTree = "<group>";
		};
/* End PBXVariantGroup section */

/* Begin XCBuildConfiguration section */
		13154C3C1D59CF0500B94CE8 /* Debug */ = {
			isa = XCBuildConfiguration;
			buildSettings = {
				ALWAYS_SEARCH_USER_PATHS = NO;
				CLANG_ANALYZER_NONNULL = YES;
				CLANG_CXX_LANGUAGE_STANDARD = "gnu++0x";
				CLANG_CXX_LIBRARY = "libc++";
				CLANG_ENABLE_MODULES = YES;
				CLANG_ENABLE_OBJC_ARC = YES;
				CLANG_WARN_BOOL_CONVERSION = YES;
				CLANG_WARN_CONSTANT_CONVERSION = YES;
				CLANG_WARN_DIRECT_OBJC_ISA_USAGE = YES_ERROR;
				CLANG_WARN_EMPTY_BODY = YES;
				CLANG_WARN_ENUM_CONVERSION = YES;
				CLANG_WARN_INT_CONVERSION = YES;
				CLANG_WARN_OBJC_ROOT_CLASS = YES_ERROR;
				CLANG_WARN_UNREACHABLE_CODE = YES;
				CLANG_WARN__DUPLICATE_METHOD_MATCH = YES;
				"CODE_SIGN_IDENTITY[sdk=iphoneos*]" = "iPhone Developer";
				COPY_PHASE_STRIP = NO;
				DEBUG_INFORMATION_FORMAT = dwarf;
				ENABLE_STRICT_OBJC_MSGSEND = YES;
				ENABLE_TESTABILITY = YES;
				GCC_C_LANGUAGE_STANDARD = gnu99;
				GCC_DYNAMIC_NO_PIC = NO;
				GCC_NO_COMMON_BLOCKS = YES;
				GCC_OPTIMIZATION_LEVEL = 0;
				GCC_PREPROCESSOR_DEFINITIONS = (
					"DEBUG=1",
					"$(inherited)",
				);
				GCC_WARN_64_TO_32_BIT_CONVERSION = YES;
				GCC_WARN_ABOUT_RETURN_TYPE = YES_ERROR;
				GCC_WARN_UNDECLARED_SELECTOR = YES;
				GCC_WARN_UNINITIALIZED_AUTOS = YES_AGGRESSIVE;
				GCC_WARN_UNUSED_FUNCTION = YES;
				GCC_WARN_UNUSED_VARIABLE = YES;
				IPHONEOS_DEPLOYMENT_TARGET = 9.3;
				MTL_ENABLE_DEBUG_INFO = YES;
				ONLY_ACTIVE_ARCH = YES;
				SDKROOT = iphoneos;
				TARGETED_DEVICE_FAMILY = "1,2";
			};
			name = Debug;
		};
		13154C3D1D59CF0500B94CE8 /* Release */ = {
			isa = XCBuildConfiguration;
			buildSettings = {
				ALWAYS_SEARCH_USER_PATHS = NO;
				CLANG_ANALYZER_NONNULL = YES;
				CLANG_CXX_LANGUAGE_STANDARD = "gnu++0x";
				CLANG_CXX_LIBRARY = "libc++";
				CLANG_ENABLE_MODULES = YES;
				CLANG_ENABLE_OBJC_ARC = YES;
				CLANG_WARN_BOOL_CONVERSION = YES;
				CLANG_WARN_CONSTANT_CONVERSION = YES;
				CLANG_WARN_DIRECT_OBJC_ISA_USAGE = YES_ERROR;
				CLANG_WARN_EMPTY_BODY = YES;
				CLANG_WARN_ENUM_CONVERSION = YES;
				CLANG_WARN_INT_CONVERSION = YES;
				CLANG_WARN_OBJC_ROOT_CLASS = YES_ERROR;
				CLANG_WARN_UNREACHABLE_CODE = YES;
				CLANG_WARN__DUPLICATE_METHOD_MATCH = YES;
				"CODE_SIGN_IDENTITY[sdk=iphoneos*]" = "iPhone Developer";
				COPY_PHASE_STRIP = NO;
				DEBUG_INFORMATION_FORMAT = "dwarf-with-dsym";
				ENABLE_NS_ASSERTIONS = NO;
				ENABLE_STRICT_OBJC_MSGSEND = YES;
				GCC_C_LANGUAGE_STANDARD = gnu99;
				GCC_NO_COMMON_BLOCKS = YES;
				GCC_WARN_64_TO_32_BIT_CONVERSION = YES;
				GCC_WARN_ABOUT_RETURN_TYPE = YES_ERROR;
				GCC_WARN_UNDECLARED_SELECTOR = YES;
				GCC_WARN_UNINITIALIZED_AUTOS = YES_AGGRESSIVE;
				GCC_WARN_UNUSED_FUNCTION = YES;
				GCC_WARN_UNUSED_VARIABLE = YES;
				IPHONEOS_DEPLOYMENT_TARGET = 9.3;
				MTL_ENABLE_DEBUG_INFO = NO;
				SDKROOT = iphoneos;
				TARGETED_DEVICE_FAMILY = "1,2";
				VALIDATE_PRODUCT = YES;
			};
			name = Release;
		};
		13154C3F1D59CF0500B94CE8 /* Debug */ = {
			isa = XCBuildConfiguration;
			buildSettings = {
				ASSETCATALOG_COMPILER_APPICON_NAME = AppIcon;
				INFOPLIST_FILE = block/Info.plist;
				LD_RUNPATH_SEARCH_PATHS = "$(inherited) @executable_path/Frameworks";
				PRODUCT_BUNDLE_IDENTIFIER = apple.block;
				PRODUCT_NAME = "$(TARGET_NAME)";
			};
			name = Debug;
		};
		13154C401D59CF0500B94CE8 /* Release */ = {
			isa = XCBuildConfiguration;
			buildSettings = {
				ASSETCATALOG_COMPILER_APPICON_NAME = AppIcon;
				INFOPLIST_FILE = block/Info.plist;
				LD_RUNPATH_SEARCH_PATHS = "$(inherited) @executable_path/Frameworks";
				PRODUCT_BUNDLE_IDENTIFIER = apple.block;
				PRODUCT_NAME = "$(TARGET_NAME)";
			};
			name = Release;
		};
/* End XCBuildConfiguration section */

/* Begin XCConfigurationList section */
		13154C221D59CF0500B94CE8 /* Build configuration list for PBXProject "block" */ = {
			isa = XCConfigurationList;
			buildConfigurations = (
				13154C3C1D59CF0500B94CE8 /* Debug */,
				13154C3D1D59CF0500B94CE8 /* Release */,
			);
			defaultConfigurationIsVisible = 0;
			defaultConfigurationName = Release;
		};
		13154C3E1D59CF0500B94CE8 /* Build configuration list for PBXNativeTarget "block" */ = {
			isa = XCConfigurationList;
			buildConfigurations = (
				13154C3F1D59CF0500B94CE8 /* Debug */,
				13154C401D59CF0500B94CE8 /* Release */,
			);
			defaultConfigurationIsVisible = 0;
			defaultConfigurationName = Release;
		};
/* End XCConfigurationList section */
	};
	rootObject = 13154C1F1D59CF0500B94CE8 /* Project object */;
}
